
Microsoft Visual Studio Solution File, Format Version 12.00
# Visual Studio 15
VisualStudioVersion = 15.0.27428.2037
MinimumVisualStudioVersion = 10.0.40219.1
Project("{FAE04EC0-301F-11D3-BF4B-00C04F79EFBC}") = "domain", "domain\domain.csproj", "{1F38666B-936C-4BA4-ACF2-27D5D5A23E50}"
EndProject
Project("{FAE04EC0-301F-11D3-BF4B-00C04F79EFBC}") = "database", "database\database.csproj", "{5632DE8C-7F29-4489-98A0-54076CF526F8}"
EndProject
Project("{FAE04EC0-301F-11D3-BF4B-00C04F79EFBC}") = "webapi", "webapi\webapi.csproj", "{BEE556BC-7B86-42A6-B0EE-5E24892C3619}"
EndProject
Project("{FAE04EC0-301F-11D3-BF4B-00C04F79EFBC}") = "infrastructure", "infrastructure\infrastructure.csproj", "{91FA4912-F453-4CAA-86C2-6B221105E85C}"
EndProject
Project("{FAE04EC0-301F-11D3-BF4B-00C04F79EFBC}") = "database.tests", "database.tests\database.tests.csproj", "{318E318F-42BD-4E60-84BE-DBF697E5824D}"
EndProject
Global
	GlobalSection(SolutionConfigurationPlatforms) = preSolution
		Debug|Any CPU = Debug|Any CPU
		Release|Any CPU = Release|Any CPU
	EndGlobalSection
	GlobalSection(ProjectConfigurationPlatforms) = postSolution
		{1F38666B-936C-4BA4-ACF2-27D5D5A23E50}.Debug|Any CPU.ActiveCfg = Debug|Any CPU
		{1F38666B-936C-4BA4-ACF2-27D5D5A23E50}.Debug|Any CPU.Build.0 = Debug|Any CPU
		{1F38666B-936C-4BA4-ACF2-27D5D5A23E50}.Release|Any CPU.ActiveCfg = Release|Any CPU
		{1F38666B-936C-4BA4-ACF2-27D5D5A23E50}.Release|Any CPU.Build.0 = Release|Any CPU
		{5632DE8C-7F29-4489-98A0-54076CF526F8}.Debug|Any CPU.ActiveCfg = Debug|Any CPU
		{5632DE8C-7F29-4489-98A0-54076CF526F8}.Debug|Any CPU.Build.0 = Debug|Any CPU
		{5632DE8C-7F29-4489-98A0-54076CF526F8}.Release|Any CPU.ActiveCfg = Release|Any CPU
		{5632DE8C-7F29-4489-98A0-54076CF526F8}.Release|Any CPU.Build.0 = Release|Any CPU
		{BEE556BC-7B86-42A6-B0EE-5E24892C3619}.Debug|Any CPU.ActiveCfg = Debug|Any CPU
		{BEE556BC-7B86-42A6-B0EE-5E24892C3619}.Debug|Any CPU.Build.0 = Debug|Any CPU
		{BEE556BC-7B86-42A6-B0EE-5E24892C3619}.Release|Any CPU.ActiveCfg = Release|Any CPU
		{BEE556BC-7B86-42A6-B0EE-5E24892C3619}.Release|Any CPU.Build.0 = Release|Any CPU
		{91FA4912-F453-4CAA-86C2-6B221105E85C}.Debug|Any CPU.ActiveCfg = Debug|Any CPU
		{91FA4912-F453-4CAA-86C2-6B221105E85C}.Debug|Any CPU.Build.0 = Debug|Any CPU
		{91FA4912-F453-4CAA-86C2-6B221105E85C}.Release|Any CPU.ActiveCfg = Release|Any CPU
		{91FA4912-F453-4CAA-86C2-6B221105E85C}.Release|Any CPU.Build.0 = Release|Any CPU
		{318E318F-42BD-4E60-84BE-DBF697E5824D}.Debug|Any CPU.ActiveCfg = Debug|Any CPU
		{318E318F-42BD-4E60-84BE-DBF697E5824D}.Debug|Any CPU.Build.0 = Debug|Any CPU
		{318E318F-42BD-4E60-84BE-DBF697E5824D}.Release|Any CPU.ActiveCfg = Release|Any CPU
		{318E318F-42BD-4E60-84BE-DBF697E5824D}.Release|Any CPU.Build.0 = Release|Any CPU
	EndGlobalSection
	GlobalSection(SolutionProperties) = preSolution
		HideSolutionNode = FALSE
	EndGlobalSection
	GlobalSection(ExtensibilityGlobals) = postSolution
		SolutionGuid = {387CA690-1CA2-416E-B37D-F7D2851F732B}
	EndGlobalSection
EndGlobal
